
Microsoft Visual Studio Solution File, Format Version 12.00
# Visual Studio Version 17
VisualStudioVersion = 17.8.34316.72
MinimumVisualStudioVersion = 10.0.40219.1
Project("{FAE04EC0-301F-11D3-BF4B-00C04F79EFBC}") = "AutorentServer", "AutorentServer\AutorentServer.csproj", "{0115A070-B392-473C-B699-3D886001422C}"
EndProject
Global
	GlobalSection(SolutionConfigurationPlatforms) = preSolution
		Debug|Any CPU = Debug|Any CPU
		Release|Any CPU = Release|Any CPU
	EndGlobalSection
	GlobalSection(ProjectConfigurationPlatforms) = postSolution
		{0115A070-B392-473C-B699-3D886001422C}.Debug|Any CPU.ActiveCfg = Debug|Any CPU
		{0115A070-B392-473C-B699-3D886001422C}.Debug|Any CPU.Build.0 = Debug|Any CPU
		{0115A070-B392-473C-B699-3D886001422C}.Release|Any CPU.ActiveCfg = Release|Any CPU
		{0115A070-B392-473C-B699-3D886001422C}.Release|Any CPU.Build.0 = Release|Any CPU
	EndGlobalSection
	GlobalSection(SolutionProperties) = preSolution
		HideSolutionNode = FALSE
	EndGlobalSection
	GlobalSection(ExtensibilityGlobals) = postSolution
		SolutionGuid = {8BFFD558-2545-4D17-A086-AAFE789C4957}
	EndGlobalSection
EndGlobal
